{
  "version": "5",
  "specifiers": {
    "npm:ogl@^1.0.11": "1.0.11",
    "npm:react-dom@19": "19.2.8_react@19.2.8",
    "npm:react@19": "19.2.8"
  },
  "npm": {
    "ogl@1.0.11": {
      "integrity": "sha512-kUpC154AFfxi16pmZUK4jk3J+8zxwTWGPo03EoYA8QPbzikHoaC82n6pNTbd+oEaJonaE8aPWBlX7ad9zrqLsA=="
    },
    "react-dom@19.2.8_react@19.2.8": {
      "integrity": "sha512-rVprimfGBG3DR+Tq0IQG2DT5PxKth1WIGDmj5yPmlzr4YBe7uyE+Du4oVqTDXZSHGGGXRtTJEGSSePyQCMBglQ==",
      "dependencies": [
        "react",
        "scheduler"
      ]
    },
    "react@19.2.8": {
      "integrity": "sha512-PWaYA1L/q9u2u7xYQi+Y3L3Yfnie7XyLeaJICV1MGD6LprsBxcAqGjYyr0eY3p+QdsA+x/Irkt4Qif8D63+Sbw=="
    },
    "scheduler@0.27.0": {
      "integrity": "sha512-eNv+WrVbKu1f3vbYJT/xtiF5syA5HPIMtf9IgY/nKg0sWqzAUEvqY/xm7OcZc/qafLx/iO9FgOmeSAp4v5ti/Q=="
    }
  },
  "workspace": {
    "packageJson": {
      "dependencies": [
        "npm:ogl@^1.0.11",
        "npm:react-dom@19",
        "npm:react@19"
      ]
    }
  }
}
